github.com/hanwen/go-fuse/v2 v2.0.2 h1:BtsqKI5RXOqDMnTgpCb0IWgvRgGLJdqYVZ/Hm6KgKto=
github.com/hanwen/go-fuse/v2 v2.0.2/go.mod h1:HH3ygZOoyRbP9y2q7y3+JM6hPL+Epe29IbWaS0UA81o=
github.com/kardianos/osext v0.0.0-20190222173326-2bc1f35cddc0 h1:iQTw/8FWTuc7uiaSepXwyf3o52HaUYcV+Tu66S3F5GA=
github.com/kardianos/osext v0.0.0-20190222173326-2bc1f35cddc0/go.mod h1:1NbS8ALrpOvjt0rHPNLyCIeMtbizbir8U//inJ+zuB8=
github.com/kylelemons/godebug v0.0.0-20170820004349-d65d576e9348/go.mod h1:B69LEHPfb2qLo0BaaOLcbitczOKLWTsrBG9LczfCD4k=
github.com/orivej/e v0.0.0-20180728214217-ac3492690fda h1:fqLgbcmo9qKecZOH8lByuxi9XXoIhNYBpRJEo4rDEUQ=
github.com/orivej/e v0.0.0-20180728214217-ac3492690fda/go.mod h1:eOxOguJBxQH6q/o7CZvmR+fh5v1LHH1sfohtgISSSFA=
golang.org/x/sys v0.0.0-20180830151530-49385e6e1522 h1:Ve1ORMCxvRmSXBwJK+t3Oy+V2vRW2OetUQBq4rJIkZE=
golang.org/x/sys v0.0.0-20180830151530-49385e6e1522/go.mod h1:STP8DvDyc/dI5b8T5hshtkjS+E42TnysNCUPdjciGhY=
golang.org/x/sys v0.0.0-20191224085550-c709ea063b76 h1:Dho5nD6R3PcW2SH1or8vS0dszDaXRxIw55lBX7XiE5g=
golang.org/x/sys v0.0.0-20191224085550-c709ea063b76/go.mod h1:h1NjWce9XRLGQEsW7wpKNCjG9DtNlClVuFLEZdDNbEs=
golang.org/x/sys v0.0.0-20200212091648-12a6c2dcc1e4 h1:sfkvUWPNGwSV+8/fNqctR5lS2AqCSqYwXdrjCxp/dXo=
golang.org/x/sys v0.0.0-20200212091648-12a6c2dcc1e4/go.mod h1:h1NjWce9XRLGQEsW7wpKNCjG9DtNlClVuFLEZdDNbEs=
